<?xml version="1.0" encoding="utf-8"?>
<Project ToolsVersion="4.0" xmlns="http://schemas.microsoft.com/developer/msbuild/2003">
  <ItemGroup>
    <Filter Include="Source Files">
      <UniqueIdentifier>{4FC737F1-C7A5-4376-A066-2A32D752A2FF}</UniqueIdentifier>
      <Extensions>cpp;c;cc;cxx;def;odl;idl;hpj;bat;asm;asmx</Extensions>
    </Filter>
    <Filter Include="Header Files">
      <UniqueIdentifier>{93995380-89BD-4b04-88EB-625FBE52EBFB}</UniqueIdentifier>
      <Extensions>h;hpp;hxx;hm;inl;inc;xsd</Extensions>
    </Filter>
    <Filter Include="Resource Files">
      <UniqueIdentifier>{67DA6AB6-F800-4c08-8B7A-83BB121AAD01}</UniqueIdentifier>
      <Extensions>rc;ico;cur;bmp;dlg;rc2;rct;bin;rgs;gif;jpg;jpeg;jpe;resx;tiff;tif;png;wav</Extensions>
    </Filter>
    <Filter Include="Protobuf">
      <UniqueIdentifier>{187a7ef9-7cdc-4775-8254-ca2b5763e291}</UniqueIdentifier>
    </Filter>
    <Filter Include="Subhook">
      <UniqueIdentifier>{fdbc6b99-6f19-4c12-bfcc-590ebad51379}</UniqueIdentifier>
    </Filter>
  </ItemGroup>
  <ItemGroup>
    <ClCompile Include="..\d2lobby.cpp">
      <Filter>Source Files</Filter>
    </ClCompile>
    <ClCompile Include="..\..\..\hl2sdks\hl2sdk-source2\public\generated_proto\dota_gcmessages_common.pb.cc">
      <Filter>Protobuf</Filter>
    </ClCompile>
    <ClCompile Include="..\..\..\hl2sdks\hl2sdk-source2\public\generated_proto\gcsdk_gcmessages.pb.cc">
      <Filter>Protobuf</Filter>
    </ClCompile>
    <ClCompile Include="..\..\..\hl2sdks\hl2sdk-source2\public\generated_proto\steammessages.pb.cc">
      <Filter>Protobuf</Filter>
    </ClCompile>
    <ClCompile Include="..\httpmgr.cpp">
      <Filter>Source Files</Filter>
    </ClCompile>
    <ClCompile Include="..\logger.cpp">
      <Filter>Source Files</Filter>
    </ClCompile>
    <ClCompile Include="..\pb2json.cpp">
      <Filter>Source Files</Filter>
    </ClCompile>
    <ClCompile Include="..\pluginsystem.cpp">
      <Filter>Source Files</Filter>
    </ClCompile>
    <ClCompile Include="..\lobbymgr.cpp">
      <Filter>Source Files</Filter>
    </ClCompile>
    <ClCompile Include="..\constants.cpp">
      <Filter>Source Files</Filter>
    </ClCompile>
    <ClCompile Include="..\..\..\hl2sdks\hl2sdk-source2\public\generated_proto\dota_gcmessages_server.pb.cc">
      <Filter>Protobuf</Filter>
    </ClCompile>
    <ClCompile Include="..\..\..\hl2sdks\hl2sdk-source2\public\generated_proto\network_connection.pb.cc">
      <Filter>Protobuf</Filter>
    </ClCompile>
    <ClCompile Include="..\..\..\hl2sdks\hl2sdk-source2\public\generated_proto\econ_gcmessages.pb.cc">
      <Filter>Protobuf</Filter>
    </ClCompile>
    <ClCompile Include="..\..\..\hl2sdks\hl2sdk-source2\public\generated_proto\dota_usermessages.pb.cc">
      <Filter>Protobuf</Filter>
    </ClCompile>
    <ClCompile Include="..\..\..\hl2sdks\hl2sdk-source2\public\generated_proto\dota_commonmessages.pb.cc">
      <Filter>Protobuf</Filter>
    </ClCompile>
    <ClCompile Include="..\..\..\hl2sdks\hl2sdk-source2\public\generated_proto\networkbasetypes.pb.cc">
      <Filter>Protobuf</Filter>
    </ClCompile>
    <ClCompile Include="..\eventlog.cpp">
      <Filter>Source Files</Filter>
    </ClCompile>
    <ClCompile Include="..\gcmgr.cpp">
      <Filter>Source Files</Filter>
    </ClCompile>
    <ClCompile Include="..\forcedheroes.cpp">
      <Filter>Source Files</Filter>
    </ClCompile>
    <ClCompile Include="..\util.cpp">
      <Filter>Source Files</Filter>
    </ClCompile>
    <ClCompile Include="..\norunes.cpp">
      <Filter>Source Files</Filter>
    </ClCompile>
    <ClCompile Include="..\scripttools.cpp">
      <Filter>Source Files</Filter>
    </ClCompile>
    <ClCompile Include="..\..\..\hl2sdks\hl2sdk-dota\public\generated_proto\dota_shared_enums.pb.cc">
      <Filter>Protobuf</Filter>
    </ClCompile>
    <ClCompile Include="..\..\..\hl2sdks\hl2sdk-dota\public\generated_proto\econ_shared_enums.pb.cc">
      <Filter>Protobuf</Filter>
    </ClCompile>
    <ClCompile Include="..\..\..\hl2sdks\hl2sdk-dota\public\generated_proto\dota_gcmessages_client_match_management.pb.cc">
      <Filter>Protobuf</Filter>
    </ClCompile>
    <ClCompile Include="..\..\..\hl2sdks\hl2sdk-dota\public\generated_proto\base_gcmessages.pb.cc">
      <Filter>Protobuf</Filter>
    </ClCompile>
    <ClCompile Include="..\..\..\hl2sdks\hl2sdk-dota\public\generated_proto\dota_client_enums.pb.cc">
      <Filter>Protobuf</Filter>
    </ClCompile>
    <ClCompile Include="..\..\..\hl2sdks\hl2sdk-dota\public\generated_proto\dota_gcmessages_common_match_management.pb.cc">
      <Filter>Protobuf</Filter>
    </ClCompile>
    <ClCompile Include="..\httpmgr.cpp">
      <Filter>Source Files</Filter>
    </ClCompile>
    <ClCompile Include="..\..\..\..\misc-source\subhook\subhook.c">
      <Filter>Subhook</Filter>
    </ClCompile>
  </ItemGroup>
  <ItemGroup>
    <ClInclude Include="..\d2lobby.h">
      <Filter>Header Files</Filter>
    </ClInclude>
    <ClInclude Include="..\httpmgr.h">
      <Filter>Header Files</Filter>
    </ClInclude>
    <ClInclude Include="..\logger.h">
      <Filter>Header Files</Filter>
    </ClInclude>
    <ClInclude Include="..\pb2json.h">
      <Filter>Header Files</Filter>
    </ClInclude>
    <ClInclude Include="..\pluginsystem.h">
      <Filter>Header Files</Filter>
    </ClInclude>
    <ClInclude Include="..\util.h">
      <Filter>Header Files</Filter>
    </ClInclude>
    <ClInclude Include="..\lobbymgr.h">
      <Filter>Header Files</Filter>
    </ClInclude>
    <ClInclude Include="..\constants.h">
      <Filter>Header Files</Filter>
    </ClInclude>
    <ClInclude Include="..\eventlog.h">
      <Filter>Header Files</Filter>
    </ClInclude>
    <ClInclude Include="..\gcmgr.h">
      <Filter>Header Files</Filter>
    </ClInclude>
    <ClInclude Include="..\forcedheroes.h">
      <Filter>Header Files</Filter>
    </ClInclude>
    <ClInclude Include="..\norunes.h">
      <Filter>Header Files</Filter>
    </ClInclude>
    <ClInclude Include="..\steamnet.h">
      <Filter>Header Files</Filter>
    </ClInclude>
    <ClInclude Include="..\..\..\..\misc-source\subhook\subhook.h">
      <Filter>Subhook</Filter>
    </ClInclude>
  </ItemGroup>
</Project>