
Microsoft Visual Studio Solution File, Format Version 12.00
# Visual Studio 14
VisualStudioVersion = 14.0.25420.1
MinimumVisualStudioVersion = 10.0.40219.1
Project("{8BC9CEB8-8B4A-11D0-8D11-00A0C91BC942}") = "d2lobby", "d2lobby.vcxproj", "{EA8E7106-8D09-46A1-881B-FFBC4B8532F2}"
EndProject
Global
	GlobalSection(SolutionConfigurationPlatforms) = preSolution
		BareBones|Win32 = BareBones|Win32
		BareBones|x64 = BareBones|x64
		Debug - Alien Swarm|Win32 = Debug - Alien Swarm|Win32
		Debug - Alien Swarm|x64 = Debug - Alien Swarm|x64
		Debug - Dark Messiah|Win32 = Debug - Dark Messiah|Win32
		Debug - Dark Messiah|x64 = Debug - Dark Messiah|x64
		Debug - Left 4 Dead 2|Win32 = Debug - Left 4 Dead 2|Win32
		Debug - Left 4 Dead 2|x64 = Debug - Left 4 Dead 2|x64
		Debug - Left 4 Dead|Win32 = Debug - Left 4 Dead|Win32
		Debug - Left 4 Dead|x64 = Debug - Left 4 Dead|x64
		Debug - Orange Box Valve|Win32 = Debug - Orange Box Valve|Win32
		Debug - Orange Box Valve|x64 = Debug - Orange Box Valve|x64
		Debug - Orange Box|Win32 = Debug - Orange Box|Win32
		Debug - Orange Box|x64 = Debug - Orange Box|x64
		Debug - Original|Win32 = Debug - Original|Win32
		Debug - Original|x64 = Debug - Original|x64
		Release - Alien Swarm|Win32 = Release - Alien Swarm|Win32
		Release - Alien Swarm|x64 = Release - Alien Swarm|x64
		Release - Dark Messiah|Win32 = Release - Dark Messiah|Win32
		Release - Dark Messiah|x64 = Release - Dark Messiah|x64
		Release - Left 4 Dead 2|Win32 = Release - Left 4 Dead 2|Win32
		Release - Left 4 Dead 2|x64 = Release - Left 4 Dead 2|x64
		Release - Left 4 Dead|Win32 = Release - Left 4 Dead|Win32
		Release - Left 4 Dead|x64 = Release - Left 4 Dead|x64
		Release - Orange Box Valve|Win32 = Release - Orange Box Valve|Win32
		Release - Orange Box Valve|x64 = Release - Orange Box Valve|x64
		Release - Orange Box|Win32 = Release - Orange Box|Win32
		Release - Orange Box|x64 = Release - Orange Box|x64
		Release - Original|Win32 = Release - Original|Win32
		Release - Original|x64 = Release - Original|x64
	EndGlobalSection
	GlobalSection(ProjectConfigurationPlatforms) = postSolution
		{EA8E7106-8D09-46A1-881B-FFBC4B8532F2}.BareBones|Win32.ActiveCfg = BareBones|Win32
		{EA8E7106-8D09-46A1-881B-FFBC4B8532F2}.BareBones|Win32.Build.0 = BareBones|Win32
		{EA8E7106-8D09-46A1-881B-FFBC4B8532F2}.BareBones|x64.ActiveCfg = Release - Bloody Good Time|x64
		{EA8E7106-8D09-46A1-881B-FFBC4B8532F2}.BareBones|x64.Build.0 = BareBones|x64
		{EA8E7106-8D09-46A1-881B-FFBC4B8532F2}.BareBones|x64.Build.2 = Debug - Bloody Good Time|x64
		{EA8E7106-8D09-46A1-881B-FFBC4B8532F2}.BareBones|x64.Build.4 = Release - EYE|x64
		{EA8E7106-8D09-46A1-881B-FFBC4B8532F2}.BareBones|x64.Build.6 = Debug - CS GO|x64
		{EA8E7106-8D09-46A1-881B-FFBC4B8532F2}.BareBones|x64.Build.8 = Debug - EYE|x64
		{EA8E7106-8D09-46A1-881B-FFBC4B8532F2}.BareBones|x64.Build.10 = Release - Bloody Good Time|x64
		{EA8E7106-8D09-46A1-881B-FFBC4B8532F2}.Debug - Alien Swarm|Win32.ActiveCfg = Debug - Alien Swarm|Win32
		{EA8E7106-8D09-46A1-881B-FFBC4B8532F2}.Debug - Alien Swarm|Win32.Build.0 = Debug - Alien Swarm|Win32
		{EA8E7106-8D09-46A1-881B-FFBC4B8532F2}.Debug - Alien Swarm|x64.ActiveCfg = Debug - Alien Swarm|x64
		{EA8E7106-8D09-46A1-881B-FFBC4B8532F2}.Debug - Alien Swarm|x64.Build.0 = Debug - Alien Swarm|x64
		{EA8E7106-8D09-46A1-881B-FFBC4B8532F2}.Debug - Dark Messiah|Win32.ActiveCfg = Debug - Dark Messiah|Win32
		{EA8E7106-8D09-46A1-881B-FFBC4B8532F2}.Debug - Dark Messiah|Win32.Build.0 = Debug - Dark Messiah|Win32
		{EA8E7106-8D09-46A1-881B-FFBC4B8532F2}.Debug - Dark Messiah|x64.ActiveCfg = Debug - Dark Messiah|x64
		{EA8E7106-8D09-46A1-881B-FFBC4B8532F2}.Debug - Dark Messiah|x64.Build.0 = Debug - Dark Messiah|x64
		{EA8E7106-8D09-46A1-881B-FFBC4B8532F2}.Debug - Left 4 Dead 2|Win32.ActiveCfg = Debug - Left 4 Dead 2|Win32
		{EA8E7106-8D09-46A1-881B-FFBC4B8532F2}.Debug - Left 4 Dead 2|Win32.Build.0 = Debug - Left 4 Dead 2|Win32
		{EA8E7106-8D09-46A1-881B-FFBC4B8532F2}.Debug - Left 4 Dead 2|x64.ActiveCfg = Debug - Left 4 Dead 2|x64
		{EA8E7106-8D09-46A1-881B-FFBC4B8532F2}.Debug - Left 4 Dead 2|x64.Build.0 = Debug - Left 4 Dead 2|x64
		{EA8E7106-8D09-46A1-881B-FFBC4B8532F2}.Debug - Left 4 Dead|Win32.ActiveCfg = Debug - Left 4 Dead|Win32
		{EA8E7106-8D09-46A1-881B-FFBC4B8532F2}.Debug - Left 4 Dead|Win32.Build.0 = Debug - Left 4 Dead|Win32
		{EA8E7106-8D09-46A1-881B-FFBC4B8532F2}.Debug - Left 4 Dead|x64.ActiveCfg = Debug - Left 4 Dead|x64
		{EA8E7106-8D09-46A1-881B-FFBC4B8532F2}.Debug - Left 4 Dead|x64.Build.0 = Debug - Left 4 Dead|x64
		{EA8E7106-8D09-46A1-881B-FFBC4B8532F2}.Debug - Orange Box Valve|Win32.ActiveCfg = Debug - Orange Box Valve|Win32
		{EA8E7106-8D09-46A1-881B-FFBC4B8532F2}.Debug - Orange Box Valve|Win32.Build.0 = Debug - Orange Box Valve|Win32
		{EA8E7106-8D09-46A1-881B-FFBC4B8532F2}.Debug - Orange Box Valve|x64.ActiveCfg = Debug - Orange Box Valve|x64
		{EA8E7106-8D09-46A1-881B-FFBC4B8532F2}.Debug - Orange Box Valve|x64.Build.0 = Debug - Orange Box Valve|x64
		{EA8E7106-8D09-46A1-881B-FFBC4B8532F2}.Debug - Orange Box|Win32.ActiveCfg = Debug - Orange Box|Win32
		{EA8E7106-8D09-46A1-881B-FFBC4B8532F2}.Debug - Orange Box|Win32.Build.0 = Debug - Orange Box|Win32
		{EA8E7106-8D09-46A1-881B-FFBC4B8532F2}.Debug - Orange Box|x64.ActiveCfg = Debug - Orange Box|x64
		{EA8E7106-8D09-46A1-881B-FFBC4B8532F2}.Debug - Orange Box|x64.Build.0 = Debug - Orange Box|x64
		{EA8E7106-8D09-46A1-881B-FFBC4B8532F2}.Debug - Original|Win32.ActiveCfg = Debug - Original|Win32
		{EA8E7106-8D09-46A1-881B-FFBC4B8532F2}.Debug - Original|Win32.Build.0 = Debug - Original|Win32
		{EA8E7106-8D09-46A1-881B-FFBC4B8532F2}.Debug - Original|x64.ActiveCfg = Debug - Original|x64
		{EA8E7106-8D09-46A1-881B-FFBC4B8532F2}.Debug - Original|x64.Build.0 = Debug - Original|x64
		{EA8E7106-8D09-46A1-881B-FFBC4B8532F2}.Release - Alien Swarm|Win32.ActiveCfg = Release - Alien Swarm|Win32
		{EA8E7106-8D09-46A1-881B-FFBC4B8532F2}.Release - Alien Swarm|Win32.Build.0 = Release - Alien Swarm|Win32
		{EA8E7106-8D09-46A1-881B-FFBC4B8532F2}.Release - Alien Swarm|x64.ActiveCfg = Release - Alien Swarm|x64
		{EA8E7106-8D09-46A1-881B-FFBC4B8532F2}.Release - Alien Swarm|x64.Build.0 = Release - Alien Swarm|x64
		{EA8E7106-8D09-46A1-881B-FFBC4B8532F2}.Release - Dark Messiah|Win32.ActiveCfg = Release - Dark Messiah|Win32
		{EA8E7106-8D09-46A1-881B-FFBC4B8532F2}.Release - Dark Messiah|Win32.Build.0 = Release - Dark Messiah|Win32
		{EA8E7106-8D09-46A1-881B-FFBC4B8532F2}.Release - Dark Messiah|x64.ActiveCfg = Release - Dark Messiah|x64
		{EA8E7106-8D09-46A1-881B-FFBC4B8532F2}.Release - Dark Messiah|x64.Build.0 = Release - Dark Messiah|x64
		{EA8E7106-8D09-46A1-881B-FFBC4B8532F2}.Release - Left 4 Dead 2|Win32.ActiveCfg = Release - Left 4 Dead 2|Win32
		{EA8E7106-8D09-46A1-881B-FFBC4B8532F2}.Release - Left 4 Dead 2|Win32.Build.0 = Release - Left 4 Dead 2|Win32
		{EA8E7106-8D09-46A1-881B-FFBC4B8532F2}.Release - Left 4 Dead 2|x64.ActiveCfg = Release - Left 4 Dead 2|x64
		{EA8E7106-8D09-46A1-881B-FFBC4B8532F2}.Release - Left 4 Dead 2|x64.Build.0 = Release - Left 4 Dead 2|x64
		{EA8E7106-8D09-46A1-881B-FFBC4B8532F2}.Release - Left 4 Dead|Win32.ActiveCfg = Release - Left 4 Dead|Win32
		{EA8E7106-8D09-46A1-881B-FFBC4B8532F2}.Release - Left 4 Dead|Win32.Build.0 = Release - Left 4 Dead|Win32
		{EA8E7106-8D09-46A1-881B-FFBC4B8532F2}.Release - Left 4 Dead|x64.ActiveCfg = Release - Left 4 Dead|x64
		{EA8E7106-8D09-46A1-881B-FFBC4B8532F2}.Release - Left 4 Dead|x64.Build.0 = Release - Left 4 Dead|x64
		{EA8E7106-8D09-46A1-881B-FFBC4B8532F2}.Release - Orange Box Valve|Win32.ActiveCfg = Release - Orange Box Valve|Win32
		{EA8E7106-8D09-46A1-881B-FFBC4B8532F2}.Release - Orange Box Valve|Win32.Build.0 = Release - Orange Box Valve|Win32
		{EA8E7106-8D09-46A1-881B-FFBC4B8532F2}.Release - Orange Box Valve|x64.ActiveCfg = Release - Orange Box Valve|x64
		{EA8E7106-8D09-46A1-881B-FFBC4B8532F2}.Release - Orange Box Valve|x64.Build.0 = Release - Orange Box Valve|x64
		{EA8E7106-8D09-46A1-881B-FFBC4B8532F2}.Release - Orange Box|Win32.ActiveCfg = Release - Orange Box|Win32
		{EA8E7106-8D09-46A1-881B-FFBC4B8532F2}.Release - Orange Box|Win32.Build.0 = Release - Orange Box|Win32
		{EA8E7106-8D09-46A1-881B-FFBC4B8532F2}.Release - Orange Box|x64.ActiveCfg = Release - Orange Box|x64
		{EA8E7106-8D09-46A1-881B-FFBC4B8532F2}.Release - Orange Box|x64.Build.0 = Release - Orange Box|x64
		{EA8E7106-8D09-46A1-881B-FFBC4B8532F2}.Release - Original|Win32.ActiveCfg = Release - Original|Win32
		{EA8E7106-8D09-46A1-881B-FFBC4B8532F2}.Release - Original|Win32.Build.0 = Release - Original|Win32
		{EA8E7106-8D09-46A1-881B-FFBC4B8532F2}.Release - Original|x64.ActiveCfg = Release - Original|x64
		{EA8E7106-8D09-46A1-881B-FFBC4B8532F2}.Release - Original|x64.Build.0 = Release - Original|x64
	EndGlobalSection
	GlobalSection(SolutionProperties) = preSolution
		HideSolutionNode = FALSE
	EndGlobalSection
EndGlobal
